
Microsoft Visual Studio Solution File, Format Version 12.00
# Visual Studio Version 17
VisualStudioVersion = 17.9.34622.214
MinimumVisualStudioVersion = 10.0.40219.1
Project("{FAE04EC0-301F-11D3-BF4B-00C04F79EFBC}") = "LudoMatheusDYuriM", "LudoMatheusDYuriM.csproj", "{16CD89DB-6C9C-41ED-A08B-D83787971A38}"
EndProject
Global
	GlobalSection(SolutionConfigurationPlatforms) = preSolution
		Debug|Any CPU = Debug|Any CPU
		Release|Any CPU = Release|Any CPU
	EndGlobalSection
	GlobalSection(ProjectConfigurationPlatforms) = postSolution
		{16CD89DB-6C9C-41ED-A08B-D83787971A38}.Debug|Any CPU.ActiveCfg = Debug|Any CPU
		{16CD89DB-6C9C-41ED-A08B-D83787971A38}.Debug|Any CPU.Build.0 = Debug|Any CPU
		{16CD89DB-6C9C-41ED-A08B-D83787971A38}.Release|Any CPU.ActiveCfg = Release|Any CPU
		{16CD89DB-6C9C-41ED-A08B-D83787971A38}.Release|Any CPU.Build.0 = Release|Any CPU
	EndGlobalSection
	GlobalSection(SolutionProperties) = preSolution
		HideSolutionNode = FALSE
	EndGlobalSection
	GlobalSection(ExtensibilityGlobals) = postSolution
		SolutionGuid = {46ED720F-54B5-450C-A389-95ABF8800A73}
	EndGlobalSection
EndGlobal
